
Microsoft Visual Studio Solution File, Format Version 12.00
# Visual Studio 15
VisualStudioVersion = 15.0.28307.572
MinimumVisualStudioVersion = 10.0.40219.1
Project("{FAE04EC0-301F-11D3-BF4B-00C04F79EFBC}") = "eSysInfo", "eSysInfo\eSysInfo.csproj", "{FB6EC3C7-E309-43E9-A854-748183AE1317}"
EndProject
Global
	GlobalSection(SolutionConfigurationPlatforms) = preSolution
		Debug|Any CPU = Debug|Any CPU
		Debug|x64 = Debug|x64
		Release|Any CPU = Release|Any CPU
		Release|x64 = Release|x64
	EndGlobalSection
	GlobalSection(ProjectConfigurationPlatforms) = postSolution
		{FB6EC3C7-E309-43E9-A854-748183AE1317}.Debug|Any CPU.ActiveCfg = Debug|Any CPU
		{FB6EC3C7-E309-43E9-A854-748183AE1317}.Debug|Any CPU.Build.0 = Debug|Any CPU
		{FB6EC3C7-E309-43E9-A854-748183AE1317}.Debug|x64.ActiveCfg = Debug|x64
		{FB6EC3C7-E309-43E9-A854-748183AE1317}.Debug|x64.Build.0 = Debug|x64
		{FB6EC3C7-E309-43E9-A854-748183AE1317}.Release|Any CPU.ActiveCfg = Release|Any CPU
		{FB6EC3C7-E309-43E9-A854-748183AE1317}.Release|Any CPU.Build.0 = Release|Any CPU
		{FB6EC3C7-E309-43E9-A854-748183AE1317}.Release|x64.ActiveCfg = Release|x64
		{FB6EC3C7-E309-43E9-A854-748183AE1317}.Release|x64.Build.0 = Release|x64
	EndGlobalSection
	GlobalSection(SolutionProperties) = preSolution
		HideSolutionNode = FALSE
	EndGlobalSection
	GlobalSection(ExtensibilityGlobals) = postSolution
		SolutionGuid = {156E6940-E7BE-4F68-9151-024406BA0E84}
	EndGlobalSection
EndGlobal
